<?xml version="1.0" encoding="utf-8"?>
<Project ToolsVersion="4.0" xmlns="http://schemas.microsoft.com/developer/msbuild/2003">
  <ItemGroup>
    <Filter Include="CinderFileSystem">
      <UniqueIdentifier>{FF0FDEC8-EB08-FD1A-143B-E29F0093DC26}</UniqueIdentifier>
    </Filter>
    <Filter Include="Pixel">
      <UniqueIdentifier>{2748E20D-935C-0ABF-5CDE-AD1EC8B106F0}</UniqueIdentifier>
    </Filter>
    <Filter Include="Pixel\Camera">
      <UniqueIdentifier>{BF4ADCA2-ABAD-6B47-5433-A4FD407537CA}</UniqueIdentifier>
    </Filter>
    <Filter Include="Pixel\Core">
      <UniqueIdentifier>{DF9C015D-CB54-43AA-345C-1C062033DE9A}</UniqueIdentifier>
    </Filter>
    <Filter Include="Pixel\Events">
      <UniqueIdentifier>{2B62FEA8-17C5-8D4D-C04A-C603AC8C59D0}</UniqueIdentifier>
    </Filter>
    <Filter Include="Pixel\ImGui">
      <UniqueIdentifier>{91FE9FFD-FDB3-18F3-86A8-12CAF25C0FF7}</UniqueIdentifier>
    </Filter>
    <Filter Include="Pixel\Models">
      <UniqueIdentifier>{FA4728BB-E6AA-B75F-8F30-F0157B7283E2}</UniqueIdentifier>
    </Filter>
    <Filter Include="Pixel\Platform">
      <UniqueIdentifier>{5BA03DFE-476E-3104-3002-A22A1C6F0D69}</UniqueIdentifier>
    </Filter>
    <Filter Include="Pixel\Platform\OpenGL">
      <UniqueIdentifier>{2FF56CFA-9B61-28F5-6455-C052D0804A5D}</UniqueIdentifier>
    </Filter>
    <Filter Include="Pixel\Platform\Windows">
      <UniqueIdentifier>{957527A0-816F-50F2-6ADC-E6025675B65E}</UniqueIdentifier>
    </Filter>
    <Filter Include="Pixel\Renderer">
      <UniqueIdentifier>{ADA71AD9-9975-0EDF-8209-7F056E76EA43}</UniqueIdentifier>
    </Filter>
    <Filter Include="Pixel\Scripting">
      <UniqueIdentifier>{E959C3D8-55E5-309D-5EF6-B391CA008D9D}</UniqueIdentifier>
    </Filter>
    <Filter Include="Pixel\Spritesheet">
      <UniqueIdentifier>{2618285D-922E-26F3-DBA5-B11447FBF67A}</UniqueIdentifier>
    </Filter>
  </ItemGroup>
  <ItemGroup>
    <ClInclude Include="src\CinderFileSystem\CFSFile.h">
      <Filter>CinderFileSystem</Filter>
    </ClInclude>
    <ClInclude Include="src\CinderFileSystem\CinderFileSys.h">
      <Filter>CinderFileSystem</Filter>
    </ClInclude>
    <ClInclude Include="src\CinderFileSystem\CinderStructure.h">
      <Filter>CinderFileSystem</Filter>
    </ClInclude>
    <ClInclude Include="src\Pixel\Camera\Camera.h">
      <Filter>Pixel\Camera</Filter>
    </ClInclude>
    <ClInclude Include="src\Pixel\Camera\OrthoCamera.h">
      <Filter>Pixel\Camera</Filter>
    </ClInclude>
    <ClInclude Include="src\Pixel\Camera\OrthoCameraController.h">
      <Filter>Pixel\Camera</Filter>
    </ClInclude>
    <ClInclude Include="src\Pixel\Camera\PerspectiveCamera.h">
      <Filter>Pixel\Camera</Filter>
    </ClInclude>
    <ClInclude Include="src\Pixel\Camera\PerspectiveCameraController.h">
      <Filter>Pixel\Camera</Filter>
    </ClInclude>
    <ClInclude Include="src\Pixel\Core\Application.h">
      <Filter>Pixel\Core</Filter>
    </ClInclude>
    <ClInclude Include="src\Pixel\Core\EntryPoint.h">
      <Filter>Pixel\Core</Filter>
    </ClInclude>
    <ClInclude Include="src\Pixel\Core\KeyCodes.h">
      <Filter>Pixel\Core</Filter>
    </ClInclude>
    <ClInclude Include="src\Pixel\Core\PlatformDetection.h">
      <Filter>Pixel\Core</Filter>
    </ClInclude>
    <ClInclude Include="src\Pixel\Events\EventHandler.h">
      <Filter>Pixel\Events</Filter>
    </ClInclude>
    <ClInclude Include="src\Pixel\Events\Events.h">
      <Filter>Pixel\Events</Filter>
    </ClInclude>
    <ClInclude Include="src\Pixel\Events\KeyboardEvents.h">
      <Filter>Pixel\Events</Filter>
    </ClInclude>
    <ClInclude Include="src\Pixel\Events\MouseEvents.h">
      <Filter>Pixel\Events</Filter>
    </ClInclude>
    <ClInclude Include="src\Pixel\Events\WindowEvents.h">
      <Filter>Pixel\Events</Filter>
    </ClInclude>
    <ClInclude Include="src\Pixel\ImGui\ImGuiLayer.h">
      <Filter>Pixel\ImGui</Filter>
    </ClInclude>
    <ClInclude Include="src\Pixel\Models\Mesh.h">
      <Filter>Pixel\Models</Filter>
    </ClInclude>
    <ClInclude Include="src\Pixel\Models\Model.h">
      <Filter>Pixel\Models</Filter>
    </ClInclude>
    <ClInclude Include="src\Pixel\Pixel.h">
      <Filter>Pixel</Filter>
    </ClInclude>
    <ClInclude Include="src\Pixel\Platform\OpenGL\OpenGLBuffer.h">
      <Filter>Pixel\Platform\OpenGL</Filter>
    </ClInclude>
    <ClInclude Include="src\Pixel\Platform\OpenGL\OpenGLContext.h">
      <Filter>Pixel\Platform\OpenGL</Filter>
    </ClInclude>
    <ClInclude Include="src\Pixel\Platform\OpenGL\OpenGLFrameBuffer.h">
      <Filter>Pixel\Platform\OpenGL</Filter>
    </ClInclude>
    <ClInclude Include="src\Pixel\Platform\OpenGL\OpenGLRendererAPI.h">
      <Filter>Pixel\Platform\OpenGL</Filter>
    </ClInclude>
    <ClInclude Include="src\Pixel\Platform\OpenGL\OpenGLShader.h">
      <Filter>Pixel\Platform\OpenGL</Filter>
    </ClInclude>
    <ClInclude Include="src\Pixel\Platform\OpenGL\OpenGLTexture.h">
      <Filter>Pixel\Platform\OpenGL</Filter>
    </ClInclude>
    <ClInclude Include="src\Pixel\Platform\OpenGL\OpenGLVertexArray.h">
      <Filter>Pixel\Platform\OpenGL</Filter>
    </ClInclude>
    <ClInclude Include="src\Pixel\Platform\Window.h">
      <Filter>Pixel\Platform</Filter>
    </ClInclude>
    <ClInclude Include="src\Pixel\Platform\Windows\WindowsWindow.h">
      <Filter>Pixel\Platform\Windows</Filter>
    </ClInclude>
    <ClInclude Include="src\Pixel\Renderer\Buffers.h">
      <Filter>Pixel\Renderer</Filter>
    </ClInclude>
    <ClInclude Include="src\Pixel\Renderer\FrameBuffer.h">
      <Filter>Pixel\Renderer</Filter>
    </ClInclude>
    <ClInclude Include="src\Pixel\Renderer\InstanceRenderer.h">
      <Filter>Pixel\Renderer</Filter>
    </ClInclude>
    <ClInclude Include="src\Pixel\Renderer\Renderer.h">
      <Filter>Pixel\Renderer</Filter>
    </ClInclude>
    <ClInclude Include="src\Pixel\Renderer\RendererAPI.h">
      <Filter>Pixel\Renderer</Filter>
    </ClInclude>
    <ClInclude Include="src\Pixel\Renderer\RendererCommands.h">
      <Filter>Pixel\Renderer</Filter>
    </ClInclude>
    <ClInclude Include="src\Pixel\Renderer\RendererContext.h">
      <Filter>Pixel\Renderer</Filter>
    </ClInclude>
    <ClInclude Include="src\Pixel\Renderer\Shader.h">
      <Filter>Pixel\Renderer</Filter>
    </ClInclude>
    <ClInclude Include="src\Pixel\Renderer\Texture.h">
      <Filter>Pixel\Renderer</Filter>
    </ClInclude>
    <ClInclude Include="src\Pixel\Renderer\VertexArray.h">
      <Filter>Pixel\Renderer</Filter>
    </ClInclude>
    <ClInclude Include="src\Pixel\Spritesheet\Spritesheet.h">
      <Filter>Pixel\Spritesheet</Filter>
    </ClInclude>
    <ClInclude Include="src\Pixel\pixelpch.h">
      <Filter>Pixel</Filter>
    </ClInclude>
    <ClInclude Include="src\Pixel\Core\Logger.h" />
  </ItemGroup>
  <ItemGroup>
    <ClCompile Include="src\CinderFileSystem\CFSFile.cpp">
      <Filter>CinderFileSystem</Filter>
    </ClCompile>
    <ClCompile Include="src\CinderFileSystem\CinderStructure.cpp">
      <Filter>CinderFileSystem</Filter>
    </ClCompile>
    <ClCompile Include="src\Pixel\Camera\Camera.cpp">
      <Filter>Pixel\Camera</Filter>
    </ClCompile>
    <ClCompile Include="src\Pixel\Camera\OrthoCamera.cpp">
      <Filter>Pixel\Camera</Filter>
    </ClCompile>
    <ClCompile Include="src\Pixel\Camera\OrthoCameraController.cpp">
      <Filter>Pixel\Camera</Filter>
    </ClCompile>
    <ClCompile Include="src\Pixel\Camera\PerspectiveCamera.cpp">
      <Filter>Pixel\Camera</Filter>
    </ClCompile>
    <ClCompile Include="src\Pixel\Camera\PerspectiveCameraController.cpp">
      <Filter>Pixel\Camera</Filter>
    </ClCompile>
    <ClCompile Include="src\Pixel\Core\Application.cpp">
      <Filter>Pixel\Core</Filter>
    </ClCompile>
    <ClCompile Include="src\Pixel\Events\EventHandler.cpp">
      <Filter>Pixel\Events</Filter>
    </ClCompile>
    <ClCompile Include="src\Pixel\ImGui\ImGuiBuild.cpp">
      <Filter>Pixel\ImGui</Filter>
    </ClCompile>
    <ClCompile Include="src\Pixel\ImGui\ImGuiLayer.cpp">
      <Filter>Pixel\ImGui</Filter>
    </ClCompile>
    <ClCompile Include="src\Pixel\Models\Mesh.cpp">
      <Filter>Pixel\Models</Filter>
    </ClCompile>
    <ClCompile Include="src\Pixel\Models\Model.cpp">
      <Filter>Pixel\Models</Filter>
    </ClCompile>
    <ClCompile Include="src\Pixel\Platform\OpenGL\OpenGLBuffer.cpp">
      <Filter>Pixel\Platform\OpenGL</Filter>
    </ClCompile>
    <ClCompile Include="src\Pixel\Platform\OpenGL\OpenGLContext.cpp">
      <Filter>Pixel\Platform\OpenGL</Filter>
    </ClCompile>
    <ClCompile Include="src\Pixel\Platform\OpenGL\OpenGLFrameBuffer.cpp">
      <Filter>Pixel\Platform\OpenGL</Filter>
    </ClCompile>
    <ClCompile Include="src\Pixel\Platform\OpenGL\OpenGLRendererAPI.cpp">
      <Filter>Pixel\Platform\OpenGL</Filter>
    </ClCompile>
    <ClCompile Include="src\Pixel\Platform\OpenGL\OpenGLShader.cpp">
      <Filter>Pixel\Platform\OpenGL</Filter>
    </ClCompile>
    <ClCompile Include="src\Pixel\Platform\OpenGL\OpenGLTexture.cpp">
      <Filter>Pixel\Platform\OpenGL</Filter>
    </ClCompile>
    <ClCompile Include="src\Pixel\Platform\OpenGL\OpenGLVertexArray.cpp">
      <Filter>Pixel\Platform\OpenGL</Filter>
    </ClCompile>
    <ClCompile Include="src\Pixel\Platform\Windows.cpp">
      <Filter>Pixel\Platform</Filter>
    </ClCompile>
    <ClCompile Include="src\Pixel\Platform\Windows\WindowsWindow.cpp">
      <Filter>Pixel\Platform\Windows</Filter>
    </ClCompile>
    <ClCompile Include="src\Pixel\Renderer\Buffer.cpp">
      <Filter>Pixel\Renderer</Filter>
    </ClCompile>
    <ClCompile Include="src\Pixel\Renderer\FrameBuffer.cpp">
      <Filter>Pixel\Renderer</Filter>
    </ClCompile>
    <ClCompile Include="src\Pixel\Renderer\InstanceRenderer.cpp">
      <Filter>Pixel\Renderer</Filter>
    </ClCompile>
    <ClCompile Include="src\Pixel\Renderer\Renderer.cpp">
      <Filter>Pixel\Renderer</Filter>
    </ClCompile>
    <ClCompile Include="src\Pixel\Renderer\RendererAPI.cpp">
      <Filter>Pixel\Renderer</Filter>
    </ClCompile>
    <ClCompile Include="src\Pixel\Renderer\RendererCommands.cpp">
      <Filter>Pixel\Renderer</Filter>
    </ClCompile>
    <ClCompile Include="src\Pixel\Renderer\RendererContext.cpp">
      <Filter>Pixel\Renderer</Filter>
    </ClCompile>
    <ClCompile Include="src\Pixel\Renderer\Shader.cpp">
      <Filter>Pixel\Renderer</Filter>
    </ClCompile>
    <ClCompile Include="src\Pixel\Renderer\Texture.cpp">
      <Filter>Pixel\Renderer</Filter>
    </ClCompile>
    <ClCompile Include="src\Pixel\Renderer\VertexArray.cpp">
      <Filter>Pixel\Renderer</Filter>
    </ClCompile>
    <ClCompile Include="src\Pixel\Spritesheet\Spritesheet.cpp">
      <Filter>Pixel\Spritesheet</Filter>
    </ClCompile>
    <ClCompile Include="src\Pixel\pixelpch.cpp">
      <Filter>Pixel</Filter>
    </ClCompile>
    <ClCompile Include="src\Pixel\Core\Logger.cpp" />
  </ItemGroup>
</Project>