<?xml version="1.0" encoding="utf-8"?>
<Project ToolsVersion="4.0" xmlns="http://schemas.microsoft.com/developer/msbuild/2003">
  <ItemGroup>
    <Filter Include="Camera">
      <UniqueIdentifier>{CE7141AB-BA13-6C81-A3CE-7FD58F0FF3D1}</UniqueIdentifier>
    </Filter>
    <Filter Include="Core">
      <UniqueIdentifier>{2EB4837C-1AEB-840D-C3D7-6A10AFED000F}</UniqueIdentifier>
    </Filter>
    <Filter Include="Events">
      <UniqueIdentifier>{3A8963B1-262B-8E87-0FE6-A1DBFB2615D8}</UniqueIdentifier>
    </Filter>
    <Filter Include="Platform">
      <UniqueIdentifier>{2AC788B4-1694-E3BF-3FAD-D1672BD9184E}</UniqueIdentifier>
    </Filter>
    <Filter Include="Platform\OpenGL">
      <UniqueIdentifier>{1E7D2C1D-8A08-9AE1-9319-1DD6FF23F6E1}</UniqueIdentifier>
    </Filter>
    <Filter Include="Platform\Windows">
      <UniqueIdentifier>{64FBD71A-50F4-F66C-7926-DCF1657ED678}</UniqueIdentifier>
    </Filter>
    <Filter Include="Renderer">
      <UniqueIdentifier>{7CCE658F-689B-C09A-91B4-AE427DE0F528}</UniqueIdentifier>
    </Filter>
  </ItemGroup>
  <ItemGroup>
    <ClInclude Include="src\Pixel\Camera\OrthoCamera.h">
      <Filter>Camera</Filter>
    </ClInclude>
    <ClInclude Include="src\Pixel\Camera\OrthoCameraController.h">
      <Filter>Camera</Filter>
    </ClInclude>
    <ClInclude Include="src\Pixel\Camera\PerspectiveCamera.h">
      <Filter>Camera</Filter>
    </ClInclude>
    <ClInclude Include="src\Pixel\Camera\PerspectiveCameraController.h">
      <Filter>Camera</Filter>
    </ClInclude>
    <ClInclude Include="src\Pixel\Core\Application.h">
      <Filter>Core</Filter>
    </ClInclude>
    <ClInclude Include="src\Pixel\Core\EntryPoint.h">
      <Filter>Core</Filter>
    </ClInclude>
    <ClInclude Include="src\Pixel\Core\KeyCodes.h">
      <Filter>Core</Filter>
    </ClInclude>
    <ClInclude Include="src\Pixel\Core\PlatformDetection.h">
      <Filter>Core</Filter>
    </ClInclude>
    <ClInclude Include="src\Pixel\Events\EventHandler.h">
      <Filter>Events</Filter>
    </ClInclude>
    <ClInclude Include="src\Pixel\Events\Events.h">
      <Filter>Events</Filter>
    </ClInclude>
    <ClInclude Include="src\Pixel\Events\KeyboardEvents.h">
      <Filter>Events</Filter>
    </ClInclude>
    <ClInclude Include="src\Pixel\Events\MouseEvents.h">
      <Filter>Events</Filter>
    </ClInclude>
    <ClInclude Include="src\Pixel\Events\WindowEvents.h">
      <Filter>Events</Filter>
    </ClInclude>
    <ClInclude Include="src\Pixel\Pixel.h" />
    <ClInclude Include="src\Pixel\Platform\OpenGL\OpenGLBuffer.h">
      <Filter>Platform\OpenGL</Filter>
    </ClInclude>
    <ClInclude Include="src\Pixel\Platform\OpenGL\OpenGLContext.h">
      <Filter>Platform\OpenGL</Filter>
    </ClInclude>
    <ClInclude Include="src\Pixel\Platform\OpenGL\OpenGLRendererAPI.h">
      <Filter>Platform\OpenGL</Filter>
    </ClInclude>
    <ClInclude Include="src\Pixel\Platform\OpenGL\OpenGLShader.h">
      <Filter>Platform\OpenGL</Filter>
    </ClInclude>
    <ClInclude Include="src\Pixel\Platform\OpenGL\OpenGLTexture.h">
      <Filter>Platform\OpenGL</Filter>
    </ClInclude>
    <ClInclude Include="src\Pixel\Platform\OpenGL\OpenGLVertexArray.h">
      <Filter>Platform\OpenGL</Filter>
    </ClInclude>
    <ClInclude Include="src\Pixel\Platform\Window.h">
      <Filter>Platform</Filter>
    </ClInclude>
    <ClInclude Include="src\Pixel\Platform\Windows\WindowsWindow.h">
      <Filter>Platform\Windows</Filter>
    </ClInclude>
    <ClInclude Include="src\Pixel\Renderer\Buffers.h">
      <Filter>Renderer</Filter>
    </ClInclude>
    <ClInclude Include="src\Pixel\Renderer\FrameBuffer.h">
      <Filter>Renderer</Filter>
    </ClInclude>
    <ClInclude Include="src\Pixel\Renderer\Renderer.h">
      <Filter>Renderer</Filter>
    </ClInclude>
    <ClInclude Include="src\Pixel\Renderer\RendererAPI.h">
      <Filter>Renderer</Filter>
    </ClInclude>
    <ClInclude Include="src\Pixel\Renderer\RendererCommands.h">
      <Filter>Renderer</Filter>
    </ClInclude>
    <ClInclude Include="src\Pixel\Renderer\RendererContext.h">
      <Filter>Renderer</Filter>
    </ClInclude>
    <ClInclude Include="src\Pixel\Renderer\Shader.h">
      <Filter>Renderer</Filter>
    </ClInclude>
    <ClInclude Include="src\Pixel\Renderer\Texture.h">
      <Filter>Renderer</Filter>
    </ClInclude>
    <ClInclude Include="src\Pixel\Renderer\VertexArray.h">
      <Filter>Renderer</Filter>
    </ClInclude>
    <ClInclude Include="src\Pixel\pixelpch.h" />
    <ClInclude Include="src\Pixel\Models\Mesh.h" />
    <ClInclude Include="src\Pixel\Models\Model.h" />
    <ClInclude Include="src\Pixel\Camera\Camera.h" />
  </ItemGroup>
  <ItemGroup>
    <ClCompile Include="src\Pixel\Camera\OrthoCamera.cpp">
      <Filter>Camera</Filter>
    </ClCompile>
    <ClCompile Include="src\Pixel\Camera\OrthoCameraController.cpp">
      <Filter>Camera</Filter>
    </ClCompile>
    <ClCompile Include="src\Pixel\Camera\PerspectiveCamera.cpp">
      <Filter>Camera</Filter>
    </ClCompile>
    <ClCompile Include="src\Pixel\Camera\PerspectiveCameraController.cpp">
      <Filter>Camera</Filter>
    </ClCompile>
    <ClCompile Include="src\Pixel\Core\Application.cpp">
      <Filter>Core</Filter>
    </ClCompile>
    <ClCompile Include="src\Pixel\Events\EventHandler.cpp">
      <Filter>Events</Filter>
    </ClCompile>
    <ClCompile Include="src\Pixel\Platform\OpenGL\OpenGLBuffer.cpp">
      <Filter>Platform\OpenGL</Filter>
    </ClCompile>
    <ClCompile Include="src\Pixel\Platform\OpenGL\OpenGLContext.cpp">
      <Filter>Platform\OpenGL</Filter>
    </ClCompile>
    <ClCompile Include="src\Pixel\Platform\OpenGL\OpenGLRendererAPI.cpp">
      <Filter>Platform\OpenGL</Filter>
    </ClCompile>
    <ClCompile Include="src\Pixel\Platform\OpenGL\OpenGLShader.cpp">
      <Filter>Platform\OpenGL</Filter>
    </ClCompile>
    <ClCompile Include="src\Pixel\Platform\OpenGL\OpenGLTexture.cpp">
      <Filter>Platform\OpenGL</Filter>
    </ClCompile>
    <ClCompile Include="src\Pixel\Platform\OpenGL\OpenGLVertexArray.cpp">
      <Filter>Platform\OpenGL</Filter>
    </ClCompile>
    <ClCompile Include="src\Pixel\Platform\Windows.cpp">
      <Filter>Platform</Filter>
    </ClCompile>
    <ClCompile Include="src\Pixel\Platform\Windows\WindowsWindow.cpp">
      <Filter>Platform\Windows</Filter>
    </ClCompile>
    <ClCompile Include="src\Pixel\Renderer\Buffer.cpp">
      <Filter>Renderer</Filter>
    </ClCompile>
    <ClCompile Include="src\Pixel\Renderer\Renderer.cpp">
      <Filter>Renderer</Filter>
    </ClCompile>
    <ClCompile Include="src\Pixel\Renderer\RendererAPI.cpp">
      <Filter>Renderer</Filter>
    </ClCompile>
    <ClCompile Include="src\Pixel\Renderer\RendererCommands.cpp">
      <Filter>Renderer</Filter>
    </ClCompile>
    <ClCompile Include="src\Pixel\Renderer\RendererContext.cpp">
      <Filter>Renderer</Filter>
    </ClCompile>
    <ClCompile Include="src\Pixel\Renderer\Shader.cpp">
      <Filter>Renderer</Filter>
    </ClCompile>
    <ClCompile Include="src\Pixel\Renderer\Texture.cpp">
      <Filter>Renderer</Filter>
    </ClCompile>
    <ClCompile Include="src\Pixel\Renderer\VertexArray.cpp">
      <Filter>Renderer</Filter>
    </ClCompile>
    <ClCompile Include="src\Pixel\pixelpch.cpp" />
    <ClCompile Include="src\Pixel\Models\Mesh.cpp" />
    <ClCompile Include="src\Pixel\Models\Model.cpp" />
    <ClCompile Include="src\Pixel\Camera\Camera.cpp" />
  </ItemGroup>
</Project>